// !$*UTF8*$!
{
	archiveVersion = 1;
	classes = {
	};
	objectVersion = 50;
	objects = {

/* Begin PBXBuildFile section */
		A337C939213B0F63000739AB /* ContactCell.swift in Sources */ = {isa = PBXBuildFile; fileRef = A337C938213B0F63000739AB /* ContactCell.swift */; };
		A337C93B213B2BFF000739AB /* ContactsDataSource.swift in Sources */ = {isa = PBXBuildFile; fileRef = A337C93A213B2BFF000739AB /* ContactsDataSource.swift */; };
		A347DD42212CC4460002080F /* AppDelegate.swift in Sources */ = {isa = PBXBuildFile; fileRef = A347DD41212CC4460002080F /* AppDelegate.swift */; };
		A347DD49212CC4460002080F /* Main.storyboard in Resources */ = {isa = PBXBuildFile; fileRef = A347DD47212CC4460002080F /* Main.storyboard */; };
		A347DD4B212CC44B0002080F /* Assets.xcassets in Resources */ = {isa = PBXBuildFile; fileRef = A347DD4A212CC44B0002080F /* Assets.xcassets */; };
		A347DD4E212CC44B0002080F /* LaunchScreen.storyboard in Resources */ = {isa = PBXBuildFile; fileRef = A347DD4C212CC44B0002080F /* LaunchScreen.storyboard */; };
		A347DD59212CC44B0002080F /* ContactsTests.swift in Sources */ = {isa = PBXBuildFile; fileRef = A347DD58212CC44B0002080F /* ContactsTests.swift */; };
		A347DD64212CC44B0002080F /* ContactsUITests.swift in Sources */ = {isa = PBXBuildFile; fileRef = A347DD63212CC44B0002080F /* ContactsUITests.swift */; };
		A352263E212F01E900C19790 /* ContactsDB.plist in Resources */ = {isa = PBXBuildFile; fileRef = A352263D212F01E900C19790 /* ContactsDB.plist */; };
		A3522640212F02BD00C19790 /* PlistLoader.swift in Sources */ = {isa = PBXBuildFile; fileRef = A352263F212F02BD00C19790 /* PlistLoader.swift */; };
		A3522642212F035C00C19790 /* Contact.swift in Sources */ = {isa = PBXBuildFile; fileRef = A3522641212F035C00C19790 /* Contact.swift */; };
		A3522644212F053F00C19790 /* ContactListController.swift in Sources */ = {isa = PBXBuildFile; fileRef = A3522643212F053F00C19790 /* ContactListController.swift */; };
		A3522646212F05A200C19790 /* ContactDetailController.swift in Sources */ = {isa = PBXBuildFile; fileRef = A3522645212F05A200C19790 /* ContactDetailController.swift */; };
/* End PBXBuildFile section */

/* Begin PBXContainerItemProxy section */
		A347DD55212CC44B0002080F /* PBXContainerItemProxy */ = {
			isa = PBXContainerItemProxy;
			containerPortal = A347DD36212CC4460002080F /* Project object */;
			proxyType = 1;
			remoteGlobalIDString = A347DD3D212CC4460002080F;
			remoteInfo = Contacts;
		};
		A347DD60212CC44B0002080F /* PBXContainerItemProxy */ = {
			isa = PBXContainerItemProxy;
			containerPortal = A347DD36212CC4460002080F /* Project object */;
			proxyType = 1;
			remoteGlobalIDString = A347DD3D212CC4460002080F;
			remoteInfo = Contacts;
		};
/* End PBXContainerItemProxy section */

/* Begin PBXFileReference section */
		A337C938213B0F63000739AB /* ContactCell.swift */ = {isa = PBXFileReference; lastKnownFileType = sourcecode.swift; path = ContactCell.swift; sourceTree = "<group>"; };
		A337C93A213B2BFF000739AB /* ContactsDataSource.swift */ = {isa = PBXFileReference; lastKnownFileType = sourcecode.swift; path = ContactsDataSource.swift; sourceTree = "<group>"; };
		A347DD3E212CC4460002080F /* Contacts.app */ = {isa = PBXFileReference; explicitFileType = wrapper.application; includeInIndex = 0; path = Contacts.app; sourceTree = BUILT_PRODUCTS_DIR; };
		A347DD41212CC4460002080F /* AppDelegate.swift */ = {isa = PBXFileReference; lastKnownFileType = sourcecode.swift; path = AppDelegate.swift; sourceTree = "<group>"; };
		A347DD48212CC4460002080F /* Base */ = {isa = PBXFileReference; lastKnownFileType = file.storyboard; name = Base; path = Base.lproj/Main.storyboard; sourceTree = "<group>"; };
		A347DD4A212CC44B0002080F /* Assets.xcassets */ = {isa = PBXFileReference; lastKnownFileType = folder.assetcatalog; path = Assets.xcassets; sourceTree = "<group>"; };
		A347DD4D212CC44B0002080F /* Base */ = {isa = PBXFileReference; lastKnownFileType = file.storyboard; name = Base; path = Base.lproj/LaunchScreen.storyboard; sourceTree = "<group>"; };
		A347DD4F212CC44B0002080F /* Info.plist */ = {isa = PBXFileReference; lastKnownFileType = text.plist.xml; path = Info.plist; sourceTree = "<group>"; };
		A347DD54212CC44B0002080F /* ContactsTests.xctest */ = {isa = PBXFileReference; explicitFileType = wrapper.cfbundle; includeInIndex = 0; path = ContactsTests.xctest; sourceTree = BUILT_PRODUCTS_DIR; };
		A347DD58212CC44B0002080F /* ContactsTests.swift */ = {isa = PBXFileReference; lastKnownFileType = sourcecode.swift; path = ContactsTests.swift; sourceTree = "<group>"; };
		A347DD5A212CC44B0002080F /* Info.plist */ = {isa = PBXFileReference; lastKnownFileType = text.plist.xml; path = Info.plist; sourceTree = "<group>"; };
		A347DD5F212CC44B0002080F /* ContactsUITests.xctest */ = {isa = PBXFileReference; explicitFileType = wrapper.cfbundle; includeInIndex = 0; path = ContactsUITests.xctest; sourceTree = BUILT_PRODUCTS_DIR; };
		A347DD63212CC44B0002080F /* ContactsUITests.swift */ = {isa = PBXFileReference; lastKnownFileType = sourcecode.swift; path = ContactsUITests.swift; sourceTree = "<group>"; };
		A347DD65212CC44B0002080F /* Info.plist */ = {isa = PBXFileReference; lastKnownFileType = text.plist.xml; path = Info.plist; sourceTree = "<group>"; };
		A352263D212F01E900C19790 /* ContactsDB.plist */ = {isa = PBXFileReference; fileEncoding = 4; lastKnownFileType = text.plist.xml; path = ContactsDB.plist; sourceTree = "<group>"; };
		A352263F212F02BD00C19790 /* PlistLoader.swift */ = {isa = PBXFileReference; lastKnownFileType = sourcecode.swift; path = PlistLoader.swift; sourceTree = "<group>"; };
		A3522641212F035C00C19790 /* Contact.swift */ = {isa = PBXFileReference; lastKnownFileType = sourcecode.swift; path = Contact.swift; sourceTree = "<group>"; };
		A3522643212F053F00C19790 /* ContactListController.swift */ = {isa = PBXFileReference; lastKnownFileType = sourcecode.swift; path = ContactListController.swift; sourceTree = "<group>"; };
		A3522645212F05A200C19790 /* ContactDetailController.swift */ = {isa = PBXFileReference; lastKnownFileType = sourcecode.swift; path = ContactDetailController.swift; sourceTree = "<group>"; };
/* End PBXFileReference section */

/* Begin PBXFrameworksBuildPhase section */
		A347DD3B212CC4460002080F /* Frameworks */ = {
			isa = PBXFrameworksBuildPhase;
			buildActionMask = 2147483647;
			files = (
			);
			runOnlyForDeploymentPostprocessing = 0;
		};
		A347DD51212CC44B0002080F /* Frameworks */ = {
			isa = PBXFrameworksBuildPhase;
			buildActionMask = 2147483647;
			files = (
			);
			runOnlyForDeploymentPostprocessing = 0;
		};
		A347DD5C212CC44B0002080F /* Frameworks */ = {
			isa = PBXFrameworksBuildPhase;
			buildActionMask = 2147483647;
			files = (
			);
			runOnlyForDeploymentPostprocessing = 0;
		};
/* End PBXFrameworksBuildPhase section */

/* Begin PBXGroup section */
		A347DD35212CC4450002080F = {
			isa = PBXGroup;
			children = (
				A347DD40212CC4460002080F /* Contacts */,
				A347DD57212CC44B0002080F /* ContactsTests */,
				A347DD62212CC44B0002080F /* ContactsUITests */,
				A347DD3F212CC4460002080F /* Products */,
			);
			sourceTree = "<group>";
		};
		A347DD3F212CC4460002080F /* Products */ = {
			isa = PBXGroup;
			children = (
				A347DD3E212CC4460002080F /* Contacts.app */,
				A347DD54212CC44B0002080F /* ContactsTests.xctest */,
				A347DD5F212CC44B0002080F /* ContactsUITests.xctest */,
			);
			name = Products;
			sourceTree = "<group>";
		};
		A347DD40212CC4460002080F /* Contacts */ = {
			isa = PBXGroup;
			children = (
				A347DD41212CC4460002080F /* AppDelegate.swift */,
				A347DD47212CC4460002080F /* Main.storyboard */,
				A347DD4A212CC44B0002080F /* Assets.xcassets */,
				A347DD4C212CC44B0002080F /* LaunchScreen.storyboard */,
				A352263D212F01E900C19790 /* ContactsDB.plist */,
				A347DD4F212CC44B0002080F /* Info.plist */,
				A352263F212F02BD00C19790 /* PlistLoader.swift */,
				A3522641212F035C00C19790 /* Contact.swift */,
				A3522643212F053F00C19790 /* ContactListController.swift */,
				A3522645212F05A200C19790 /* ContactDetailController.swift */,
				A337C938213B0F63000739AB /* ContactCell.swift */,
				A337C93A213B2BFF000739AB /* ContactsDataSource.swift */,
			);
			path = Contacts;
			sourceTree = "<group>";
		};
		A347DD57212CC44B0002080F /* ContactsTests */ = {
			isa = PBXGroup;
			children = (
				A347DD58212CC44B0002080F /* ContactsTests.swift */,
				A347DD5A212CC44B0002080F /* Info.plist */,
			);
			path = ContactsTests;
			sourceTree = "<group>";
		};
		A347DD62212CC44B0002080F /* ContactsUITests */ = {
			isa = PBXGroup;
			children = (
				A347DD63212CC44B0002080F /* ContactsUITests.swift */,
				A347DD65212CC44B0002080F /* Info.plist */,
			);
			path = ContactsUITests;
			sourceTree = "<group>";
		};
/* End PBXGroup section */

/* Begin PBXNativeTarget section */
		A347DD3D212CC4460002080F /* Contacts */ = {
			isa = PBXNativeTarget;
			buildConfigurationList = A347DD68212CC44B0002080F /* Build configuration list for PBXNativeTarget "Contacts" */;
			buildPhases = (
				A347DD3A212CC4460002080F /* Sources */,
				A347DD3B212CC4460002080F /* Frameworks */,
				A347DD3C212CC4460002080F /* Resources */,
			);
			buildRules = (
			);
			dependencies = (
			);
			name = Contacts;
			productName = Contacts;
			productReference = A347DD3E212CC4460002080F /* Contacts.app */;
			productType = "com.apple.product-type.application";
		};
		A347DD53212CC44B0002080F /* ContactsTests */ = {
			isa = PBXNativeTarget;
			buildConfigurationList = A347DD6B212CC44B0002080F /* Build configuration list for PBXNativeTarget "ContactsTests" */;
			buildPhases = (
				A347DD50212CC44B0002080F /* Sources */,
				A347DD51212CC44B0002080F /* Frameworks */,
				A347DD52212CC44B0002080F /* Resources */,
			);
			buildRules = (
			);
			dependencies = (
				A347DD56212CC44B0002080F /* PBXTargetDependency */,
			);
			name = ContactsTests;
			productName = ContactsTests;
			productReference = A347DD54212CC44B0002080F /* ContactsTests.xctest */;
			productType = "com.apple.product-type.bundle.unit-test";
		};
		A347DD5E212CC44B0002080F /* ContactsUITests */ = {
			isa = PBXNativeTarget;
			buildConfigurationList = A347DD6E212CC44B0002080F /* Build configuration list for PBXNativeTarget "ContactsUITests" */;
			buildPhases = (
				A347DD5B212CC44B0002080F /* Sources */,
				A347DD5C212CC44B0002080F /* Frameworks */,
				A347DD5D212CC44B0002080F /* Resources */,
			);
			buildRules = (
			);
			dependencies = (
				A347DD61212CC44B0002080F /* PBXTargetDependency */,
			);
			name = ContactsUITests;
			productName = ContactsUITests;
			productReference = A347DD5F212CC44B0002080F /* ContactsUITests.xctest */;
			productType = "com.apple.product-type.bundle.ui-testing";
		};
/* End PBXNativeTarget section */

/* Begin PBXProject section */
		A347DD36212CC4460002080F /* Project object */ = {
			isa = PBXProject;
			attributes = {
				LastSwiftUpdateCheck = 0940;
				LastUpgradeCheck = 0940;
				ORGANIZATIONNAME = "Romell Bolton";
				TargetAttributes = {
					A347DD3D212CC4460002080F = {
						CreatedOnToolsVersion = 9.4.1;
					};
					A347DD53212CC44B0002080F = {
						CreatedOnToolsVersion = 9.4.1;
						TestTargetID = A347DD3D212CC4460002080F;
					};
					A347DD5E212CC44B0002080F = {
						CreatedOnToolsVersion = 9.4.1;
						TestTargetID = A347DD3D212CC4460002080F;
					};
				};
			};
			buildConfigurationList = A347DD39212CC4460002080F /* Build configuration list for PBXProject "Contacts" */;
			compatibilityVersion = "Xcode 9.3";
			developmentRegion = en;
			hasScannedForEncodings = 0;
			knownRegions = (
				en,
				Base,
			);
			mainGroup = A347DD35212CC4450002080F;
			productRefGroup = A347DD3F212CC4460002080F /* Products */;
			projectDirPath = "";
			projectRoot = "";
			targets = (
				A347DD3D212CC4460002080F /* Contacts */,
				A347DD53212CC44B0002080F /* ContactsTests */,
				A347DD5E212CC44B0002080F /* ContactsUITests */,
			);
		};
/* End PBXProject section */

/* Begin PBXResourcesBuildPhase section */
		A347DD3C212CC4460002080F /* Resources */ = {
			isa = PBXResourcesBuildPhase;
			buildActionMask = 2147483647;
			files = (
				A347DD4E212CC44B0002080F /* LaunchScreen.storyboard in Resources */,
				A347DD4B212CC44B0002080F /* Assets.xcassets in Resources */,
				A347DD49212CC4460002080F /* Main.storyboard in Resources */,
				A352263E212F01E900C19790 /* ContactsDB.plist in Resources */,
			);
			runOnlyForDeploymentPostprocessing = 0;
		};
		A347DD52212CC44B0002080F /* Resources */ = {
			isa = PBXResourcesBuildPhase;
			buildActionMask = 2147483647;
			files = (
			);
			runOnlyForDeploymentPostprocessing = 0;
		};
		A347DD5D212CC44B0002080F /* Resources */ = {
			isa = PBXResourcesBuildPhase;
			buildActionMask = 2147483647;
			files = (
			);
			runOnlyForDeploymentPostprocessing = 0;
		};
/* End PBXResourcesBuildPhase section */

/* Begin PBXSourcesBuildPhase section */
		A347DD3A212CC4460002080F /* Sources */ = {
			isa = PBXSourcesBuildPhase;
			buildActionMask = 2147483647;
			files = (
				A337C939213B0F63000739AB /* ContactCell.swift in Sources */,
				A337C93B213B2BFF000739AB /* ContactsDataSource.swift in Sources */,
				A3522642212F035C00C19790 /* Contact.swift in Sources */,
				A3522646212F05A200C19790 /* ContactDetailController.swift in Sources */,
				A347DD42212CC4460002080F /* AppDelegate.swift in Sources */,
				A3522644212F053F00C19790 /* ContactListController.swift in Sources */,
				A3522640212F02BD00C19790 /* PlistLoader.swift in Sources */,
			);
			runOnlyForDeploymentPostprocessing = 0;
		};
		A347DD50212CC44B0002080F /* Sources */ = {
			isa = PBXSourcesBuildPhase;
			buildActionMask = 2147483647;
			files = (
				A347DD59212CC44B0002080F /* ContactsTests.swift in Sources */,
			);
			runOnlyForDeploymentPostprocessing = 0;
		};
		A347DD5B212CC44B0002080F /* Sources */ = {
			isa = PBXSourcesBuildPhase;
			buildActionMask = 2147483647;
			files = (
				A347DD64212CC44B0002080F /* ContactsUITests.swift in Sources */,
			);
			runOnlyForDeploymentPostprocessing = 0;
		};
/* End PBXSourcesBuildPhase section */

/* Begin PBXTargetDependency section */
		A347DD56212CC44B0002080F /* PBXTargetDependency */ = {
			isa = PBXTargetDependency;
			target = A347DD3D212CC4460002080F /* Contacts */;
			targetProxy = A347DD55212CC44B0002080F /* PBXContainerItemProxy */;
		};
		A347DD61212CC44B0002080F /* PBXTargetDependency */ = {
			isa = PBXTargetDependency;
			target = A347DD3D212CC4460002080F /* Contacts */;
			targetProxy = A347DD60212CC44B0002080F /* PBXContainerItemProxy */;
		};
/* End PBXTargetDependency section */

/* Begin PBXVariantGroup section */
		A347DD47212CC4460002080F /* Main.storyboard */ = {
			isa = PBXVariantGroup;
			children = (
				A347DD48212CC4460002080F /* Base */,
			);
			name = Main.storyboard;
			sourceTree = "<group>";
		};
		A347DD4C212CC44B0002080F /* LaunchScreen.storyboard */ = {
			isa = PBXVariantGroup;
			children = (
				A347DD4D212CC44B0002080F /* Base */,
			);
			name = LaunchScreen.storyboard;
			sourceTree = "<group>";
		};
/* End PBXVariantGroup section */

/* Begin XCBuildConfiguration section */
		A347DD66212CC44B0002080F /* Debug */ = {
			isa = XCBuildConfiguration;
			buildSettings = {
				ALWAYS_SEARCH_USER_PATHS = NO;
				CLANG_ANALYZER_NONNULL = YES;
				CLANG_ANALYZER_NUMBER_OBJECT_CONVERSION = YES_AGGRESSIVE;
				CLANG_CXX_LANGUAGE_STANDARD = "gnu++14";
				CLANG_CXX_LIBRARY = "libc++";
				CLANG_ENABLE_MODULES = YES;
				CLANG_ENABLE_OBJC_ARC = YES;
				CLANG_ENABLE_OBJC_WEAK = YES;
				CLANG_WARN_BLOCK_CAPTURE_AUTORELEASING = YES;
				CLANG_WARN_BOOL_CONVERSION = YES;
				CLANG_WARN_COMMA = YES;
				CLANG_WARN_CONSTANT_CONVERSION = YES;
				CLANG_WARN_DEPRECATED_OBJC_IMPLEMENTATIONS = YES;
				CLANG_WARN_DIRECT_OBJC_ISA_USAGE = YES_ERROR;
				CLANG_WARN_DOCUMENTATION_COMMENTS = YES;
				CLANG_WARN_EMPTY_BODY = YES;
				CLANG_WARN_ENUM_CONVERSION = YES;
				CLANG_WARN_INFINITE_RECURSION = YES;
				CLANG_WARN_INT_CONVERSION = YES;
				CLANG_WARN_NON_LITERAL_NULL_CONVERSION = YES;
				CLANG_WARN_OBJC_IMPLICIT_RETAIN_SELF = YES;
				CLANG_WARN_OBJC_LITERAL_CONVERSION = YES;
				CLANG_WARN_OBJC_ROOT_CLASS = YES_ERROR;
				CLANG_WARN_RANGE_LOOP_ANALYSIS = YES;
				CLANG_WARN_STRICT_PROTOTYPES = YES;
				CLANG_WARN_SUSPICIOUS_MOVE = YES;
				CLANG_WARN_UNGUARDED_AVAILABILITY = YES_AGGRESSIVE;
				CLANG_WARN_UNREACHABLE_CODE = YES;
				CLANG_WARN__DUPLICATE_METHOD_MATCH = YES;
				CODE_SIGN_IDENTITY = "iPhone Developer";
				COPY_PHASE_STRIP = NO;
				DEBUG_INFORMATION_FORMAT = dwarf;
				ENABLE_STRICT_OBJC_MSGSEND = YES;
				ENABLE_TESTABILITY = YES;
				GCC_C_LANGUAGE_STANDARD = gnu11;
				GCC_DYNAMIC_NO_PIC = NO;
				GCC_NO_COMMON_BLOCKS = YES;
				GCC_OPTIMIZATION_LEVEL = 0;
				GCC_PREPROCESSOR_DEFINITIONS = (
					"DEBUG=1",
					"$(inherited)",
				);
				GCC_WARN_64_TO_32_BIT_CONVERSION = YES;
				GCC_WARN_ABOUT_RETURN_TYPE = YES_ERROR;
				GCC_WARN_UNDECLARED_SELECTOR = YES;
				GCC_WARN_UNINITIALIZED_AUTOS = YES_AGGRESSIVE;
				GCC_WARN_UNUSED_FUNCTION = YES;
				GCC_WARN_UNUSED_VARIABLE = YES;
				IPHONEOS_DEPLOYMENT_TARGET = 11.4;
				MTL_ENABLE_DEBUG_INFO = YES;
				ONLY_ACTIVE_ARCH = YES;
				SDKROOT = iphoneos;
				SWIFT_ACTIVE_COMPILATION_CONDITIONS = DEBUG;
				SWIFT_OPTIMIZATION_LEVEL = "-Onone";
			};
			name = Debug;
		};
		A347DD67212CC44B0002080F /* Release */ = {
			isa = XCBuildConfiguration;
			buildSettings = {
				ALWAYS_SEARCH_USER_PATHS = NO;
				CLANG_ANALYZER_NONNULL = YES;
				CLANG_ANALYZER_NUMBER_OBJECT_CONVERSION = YES_AGGRESSIVE;
				CLANG_CXX_LANGUAGE_STANDARD = "gnu++14";
				CLANG_CXX_LIBRARY = "libc++";
				CLANG_ENABLE_MODULES = YES;
				CLANG_ENABLE_OBJC_ARC = YES;
				CLANG_ENABLE_OBJC_WEAK = YES;
				CLANG_WARN_BLOCK_CAPTURE_AUTORELEASING = YES;
				CLANG_WARN_BOOL_CONVERSION = YES;
				CLANG_WARN_COMMA = YES;
				CLANG_WARN_CONSTANT_CONVERSION = YES;
				CLANG_WARN_DEPRECATED_OBJC_IMPLEMENTATIONS = YES;
				CLANG_WARN_DIRECT_OBJC_ISA_USAGE = YES_ERROR;
				CLANG_WARN_DOCUMENTATION_COMMENTS = YES;
				CLANG_WARN_EMPTY_BODY = YES;
				CLANG_WARN_ENUM_CONVERSION = YES;
				CLANG_WARN_INFINITE_RECURSION = YES;
				CLANG_WARN_INT_CONVERSION = YES;
				CLANG_WARN_NON_LITERAL_NULL_CONVERSION = YES;
				CLANG_WARN_OBJC_IMPLICIT_RETAIN_SELF = YES;
				CLANG_WARN_OBJC_LITERAL_CONVERSION = YES;
				CLANG_WARN_OBJC_ROOT_CLASS = YES_ERROR;
				CLANG_WARN_RANGE_LOOP_ANALYSIS = YES;
				CLANG_WARN_STRICT_PROTOTYPES = YES;
				CLANG_WARN_SUSPICIOUS_MOVE = YES;
				CLANG_WARN_UNGUARDED_AVAILABILITY = YES_AGGRESSIVE;
				CLANG_WARN_UNREACHABLE_CODE = YES;
				CLANG_WARN__DUPLICATE_METHOD_MATCH = YES;
				CODE_SIGN_IDENTITY = "iPhone Developer";
				COPY_PHASE_STRIP = NO;
				DEBUG_INFORMATION_FORMAT = "dwarf-with-dsym";
				ENABLE_NS_ASSERTIONS = NO;
				ENABLE_STRICT_OBJC_MSGSEND = YES;
				GCC_C_LANGUAGE_STANDARD = gnu11;
				GCC_NO_COMMON_BLOCKS = YES;
				GCC_WARN_64_TO_32_BIT_CONVERSION = YES;
				GCC_WARN_ABOUT_RETURN_TYPE = YES_ERROR;
				GCC_WARN_UNDECLARED_SELECTOR = YES;
				GCC_WARN_UNINITIALIZED_AUTOS = YES_AGGRESSIVE;
				GCC_WARN_UNUSED_FUNCTION = YES;
				GCC_WARN_UNUSED_VARIABLE = YES;
				IPHONEOS_DEPLOYMENT_TARGET = 11.4;
				MTL_ENABLE_DEBUG_INFO = NO;
				SDKROOT = iphoneos;
				SWIFT_COMPILATION_MODE = wholemodule;
				SWIFT_OPTIMIZATION_LEVEL = "-O";
				VALIDATE_PRODUCT = YES;
			};
			name = Release;
		};
		A347DD69212CC44B0002080F /* Debug */ = {
			isa = XCBuildConfiguration;
			buildSettings = {
				ASSETCATALOG_COMPILER_APPICON_NAME = AppIcon;
				CODE_SIGN_STYLE = Automatic;
				DEVELOPMENT_TEAM = XQ87AL2NL5;
				INFOPLIST_FILE = Contacts/Info.plist;
				LD_RUNPATH_SEARCH_PATHS = (
					"$(inherited)",
					"@executable_path/Frameworks",
				);
				PRODUCT_BUNDLE_IDENTIFIER = com.romellbolton.Contacts;
				PRODUCT_NAME = "$(TARGET_NAME)";
				SWIFT_VERSION = 4.0;
				TARGETED_DEVICE_FAMILY = "1,2";
			};
			name = Debug;
		};
		A347DD6A212CC44B0002080F /* Release */ = {
			isa = XCBuildConfiguration;
			buildSettings = {
				ASSETCATALOG_COMPILER_APPICON_NAME = AppIcon;
				CODE_SIGN_STYLE = Automatic;
				DEVELOPMENT_TEAM = XQ87AL2NL5;
				INFOPLIST_FILE = Contacts/Info.plist;
				LD_RUNPATH_SEARCH_PATHS = (
					"$(inherited)",
					"@executable_path/Frameworks",
				);
				PRODUCT_BUNDLE_IDENTIFIER = com.romellbolton.Contacts;
				PRODUCT_NAME = "$(TARGET_NAME)";
				SWIFT_VERSION = 4.0;
				TARGETED_DEVICE_FAMILY = "1,2";
			};
			name = Release;
		};
		A347DD6C212CC44B0002080F /* Debug */ = {
			isa = XCBuildConfiguration;
			buildSettings = {
				ALWAYS_EMBED_SWIFT_STANDARD_LIBRARIES = YES;
				BUNDLE_LOADER = "$(TEST_HOST)";
				CODE_SIGN_STYLE = Automatic;
				INFOPLIST_FILE = ContactsTests/Info.plist;
				LD_RUNPATH_SEARCH_PATHS = (
					"$(inherited)",
					"@executable_path/Frameworks",
					"@loader_path/Frameworks",
				);
				PRODUCT_BUNDLE_IDENTIFIER = com.romellbolton.ContactsTests;
				PRODUCT_NAME = "$(TARGET_NAME)";
				SWIFT_VERSION = 4.0;
				TARGETED_DEVICE_FAMILY = "1,2";
				TEST_HOST = "$(BUILT_PRODUCTS_DIR)/Contacts.app/Contacts";
			};
			name = Debug;
		};
		A347DD6D212CC44B0002080F /* Release */ = {
			isa = XCBuildConfiguration;
			buildSettings = {
				ALWAYS_EMBED_SWIFT_STANDARD_LIBRARIES = YES;
				BUNDLE_LOADER = "$(TEST_HOST)";
				CODE_SIGN_STYLE = Automatic;
				INFOPLIST_FILE = ContactsTests/Info.plist;
				LD_RUNPATH_SEARCH_PATHS = (
					"$(inherited)",
					"@executable_path/Frameworks",
					"@loader_path/Frameworks",
				);
				PRODUCT_BUNDLE_IDENTIFIER = com.romellbolton.ContactsTests;
				PRODUCT_NAME = "$(TARGET_NAME)";
				SWIFT_VERSION = 4.0;
				TARGETED_DEVICE_FAMILY = "1,2";
				TEST_HOST = "$(BUILT_PRODUCTS_DIR)/Contacts.app/Contacts";
			};
			name = Release;
		};
		A347DD6F212CC44B0002080F /* Debug */ = {
			isa = XCBuildConfiguration;
			buildSettings = {
				ALWAYS_EMBED_SWIFT_STANDARD_LIBRARIES = YES;
				CODE_SIGN_STYLE = Automatic;
				INFOPLIST_FILE = ContactsUITests/Info.plist;
				LD_RUNPATH_SEARCH_PATHS = (
					"$(inherited)",
					"@executable_path/Frameworks",
					"@loader_path/Frameworks",
				);
				PRODUCT_BUNDLE_IDENTIFIER = com.romellbolton.ContactsUITests;
				PRODUCT_NAME = "$(TARGET_NAME)";
				SWIFT_VERSION = 4.0;
				TARGETED_DEVICE_FAMILY = "1,2";
				TEST_TARGET_NAME = Contacts;
			};
			name = Debug;
		};
		A347DD70212CC44B0002080F /* Release */ = {
			isa = XCBuildConfiguration;
			buildSettings = {
				ALWAYS_EMBED_SWIFT_STANDARD_LIBRARIES = YES;
				CODE_SIGN_STYLE = Automatic;
				INFOPLIST_FILE = ContactsUITests/Info.plist;
				LD_RUNPATH_SEARCH_PATHS = (
					"$(inherited)",
					"@executable_path/Frameworks",
					"@loader_path/Frameworks",
				);
				PRODUCT_BUNDLE_IDENTIFIER = com.romellbolton.ContactsUITests;
				PRODUCT_NAME = "$(TARGET_NAME)";
				SWIFT_VERSION = 4.0;
				TARGETED_DEVICE_FAMILY = "1,2";
				TEST_TARGET_NAME = Contacts;
			};
			name = Release;
		};
/* End XCBuildConfiguration section */

/* Begin XCConfigurationList section */
		A347DD39212CC4460002080F /* Build configuration list for PBXProject "Contacts" */ = {
			isa = XCConfigurationList;
			buildConfigurations = (
				A347DD66212CC44B0002080F /* Debug */,
				A347DD67212CC44B0002080F /* Release */,
			);
			defaultConfigurationIsVisible = 0;
			defaultConfigurationName = Release;
		};
		A347DD68212CC44B0002080F /* Build configuration list for PBXNativeTarget "Contacts" */ = {
			isa = XCConfigurationList;
			buildConfigurations = (
				A347DD69212CC44B0002080F /* Debug */,
				A347DD6A212CC44B0002080F /* Release */,
			);
			defaultConfigurationIsVisible = 0;
			defaultConfigurationName = Release;
		};
		A347DD6B212CC44B0002080F /* Build configuration list for PBXNativeTarget "ContactsTests" */ = {
			isa = XCConfigurationList;
			buildConfigurations = (
				A347DD6C212CC44B0002080F /* Debug */,
				A347DD6D212CC44B0002080F /* Release */,
			);
			defaultConfigurationIsVisible = 0;
			defaultConfigurationName = Release;
		};
		A347DD6E212CC44B0002080F /* Build configuration list for PBXNativeTarget "ContactsUITests" */ = {
			isa = XCConfigurationList;
			buildConfigurations = (
				A347DD6F212CC44B0002080F /* Debug */,
				A347DD70212CC44B0002080F /* Release */,
			);
			defaultConfigurationIsVisible = 0;
			defaultConfigurationName = Release;
		};
/* End XCConfigurationList section */
	};
	rootObject = A347DD36212CC4460002080F /* Project object */;
}
