// !$*UTF8*$!
{
	archiveVersion = 1;
	classes = {
	};
	objectVersion = 46;
	objects = {

/* Begin PBXBuildFile section */
		97A175B91E310A80001CECB4 /* AppDelegate.swift in Sources */ = {isa = PBXBuildFile; fileRef = 97A175B81E310A80001CECB4 /* AppDelegate.swift */; };
		97A175BB1E310A80001CECB4 /* ViewController.swift in Sources */ = {isa = PBXBuildFile; fileRef = 97A175BA1E310A80001CECB4 /* ViewController.swift */; };
		97A175BE1E310A80001CECB4 /* Main.storyboard in Resources */ = {isa = PBXBuildFile; fileRef = 97A175BC1E310A80001CECB4 /* Main.storyboard */; };
		97A175C01E310A80001CECB4 /* Assets.xcassets in Resources */ = {isa = PBXBuildFile; fileRef = 97A175BF1E310A80001CECB4 /* Assets.xcassets */; };
		97A175C31E310A80001CECB4 /* LaunchScreen.storyboard in Resources */ = {isa = PBXBuildFile; fileRef = 97A175C11E310A80001CECB4 /* LaunchScreen.storyboard */; };
		97A175CB1E310A95001CECB4 /* LocationManager.swift in Sources */ = {isa = PBXBuildFile; fileRef = 97A175CA1E310A95001CECB4 /* LocationManager.swift */; };
/* End PBXBuildFile section */

/* Begin PBXFileReference section */
		97A175B51E310A80001CECB4 /* CoreLocationDelegateExample.app */ = {isa = PBXFileReference; explicitFileType = wrapper.application; includeInIndex = 0; path = CoreLocationDelegateExample.app; sourceTree = BUILT_PRODUCTS_DIR; };
		97A175B81E310A80001CECB4 /* AppDelegate.swift */ = {isa = PBXFileReference; lastKnownFileType = sourcecode.swift; path = AppDelegate.swift; sourceTree = "<group>"; };
		97A175BA1E310A80001CECB4 /* ViewController.swift */ = {isa = PBXFileReference; lastKnownFileType = sourcecode.swift; path = ViewController.swift; sourceTree = "<group>"; };
		97A175BD1E310A80001CECB4 /* Base */ = {isa = PBXFileReference; lastKnownFileType = file.storyboard; name = Base; path = Base.lproj/Main.storyboard; sourceTree = "<group>"; };
		97A175BF1E310A80001CECB4 /* Assets.xcassets */ = {isa = PBXFileReference; lastKnownFileType = folder.assetcatalog; path = Assets.xcassets; sourceTree = "<group>"; };
		97A175C21E310A80001CECB4 /* Base */ = {isa = PBXFileReference; lastKnownFileType = file.storyboard; name = Base; path = Base.lproj/LaunchScreen.storyboard; sourceTree = "<group>"; };
		97A175C41E310A80001CECB4 /* Info.plist */ = {isa = PBXFileReference; lastKnownFileType = text.plist.xml; path = Info.plist; sourceTree = "<group>"; };
		97A175CA1E310A95001CECB4 /* LocationManager.swift */ = {isa = PBXFileReference; fileEncoding = 4; lastKnownFileType = sourcecode.swift; path = LocationManager.swift; sourceTree = "<group>"; };
/* End PBXFileReference section */

/* Begin PBXFrameworksBuildPhase section */
		97A175B21E310A80001CECB4 /* Frameworks */ = {
			isa = PBXFrameworksBuildPhase;
			buildActionMask = 2147483647;
			files = (
			);
			runOnlyForDeploymentPostprocessing = 0;
		};
/* End PBXFrameworksBuildPhase section */

/* Begin PBXGroup section */
		97A175AC1E310A80001CECB4 = {
			isa = PBXGroup;
			children = (
				97A175B71E310A80001CECB4 /* CoreLocationDelegateExample */,
				97A175B61E310A80001CECB4 /* Products */,
			);
			sourceTree = "<group>";
		};
		97A175B61E310A80001CECB4 /* Products */ = {
			isa = PBXGroup;
			children = (
				97A175B51E310A80001CECB4 /* CoreLocationDelegateExample.app */,
			);
			name = Products;
			sourceTree = "<group>";
		};
		97A175B71E310A80001CECB4 /* CoreLocationDelegateExample */ = {
			isa = PBXGroup;
			children = (
				97A175B81E310A80001CECB4 /* AppDelegate.swift */,
				97A175BA1E310A80001CECB4 /* ViewController.swift */,
				97A175CA1E310A95001CECB4 /* LocationManager.swift */,
				97A175BC1E310A80001CECB4 /* Main.storyboard */,
				97A175BF1E310A80001CECB4 /* Assets.xcassets */,
				97A175C11E310A80001CECB4 /* LaunchScreen.storyboard */,
				97A175C41E310A80001CECB4 /* Info.plist */,
			);
			path = CoreLocationDelegateExample;
			sourceTree = "<group>";
		};
/* End PBXGroup section */

/* Begin PBXNativeTarget section */
		97A175B41E310A80001CECB4 /* CoreLocationDelegateExample */ = {
			isa = PBXNativeTarget;
			buildConfigurationList = 97A175C71E310A80001CECB4 /* Build configuration list for PBXNativeTarget "CoreLocationDelegateExample" */;
			buildPhases = (
				97A175B11E310A80001CECB4 /* Sources */,
				97A175B21E310A80001CECB4 /* Frameworks */,
				97A175B31E310A80001CECB4 /* Resources */,
			);
			buildRules = (
			);
			dependencies = (
			);
			name = CoreLocationDelegateExample;
			productName = CoreLocationDelegateExample;
			productReference = 97A175B51E310A80001CECB4 /* CoreLocationDelegateExample.app */;
			productType = "com.apple.product-type.application";
		};
/* End PBXNativeTarget section */

/* Begin PBXProject section */
		97A175AD1E310A80001CECB4 /* Project object */ = {
			isa = PBXProject;
			attributes = {
				LastSwiftUpdateCheck = 0820;
				LastUpgradeCheck = 0820;
				ORGANIZATIONNAME = "Treehouse Island, Inc";
				TargetAttributes = {
					97A175B41E310A80001CECB4 = {
						CreatedOnToolsVersion = 8.2;
						DevelopmentTeam = R9E84DX62H;
						ProvisioningStyle = Automatic;
					};
				};
			};
			buildConfigurationList = 97A175B01E310A80001CECB4 /* Build configuration list for PBXProject "CoreLocationDelegateExample" */;
			compatibilityVersion = "Xcode 3.2";
			developmentRegion = English;
			hasScannedForEncodings = 0;
			knownRegions = (
				en,
				Base,
			);
			mainGroup = 97A175AC1E310A80001CECB4;
			productRefGroup = 97A175B61E310A80001CECB4 /* Products */;
			projectDirPath = "";
			projectRoot = "";
			targets = (
				97A175B41E310A80001CECB4 /* CoreLocationDelegateExample */,
			);
		};
/* End PBXProject section */

/* Begin PBXResourcesBuildPhase section */
		97A175B31E310A80001CECB4 /* Resources */ = {
			isa = PBXResourcesBuildPhase;
			buildActionMask = 2147483647;
			files = (
				97A175C31E310A80001CECB4 /* LaunchScreen.storyboard in Resources */,
				97A175C01E310A80001CECB4 /* Assets.xcassets in Resources */,
				97A175BE1E310A80001CECB4 /* Main.storyboard in Resources */,
			);
			runOnlyForDeploymentPostprocessing = 0;
		};
/* End PBXResourcesBuildPhase section */

/* Begin PBXSourcesBuildPhase section */
		97A175B11E310A80001CECB4 /* Sources */ = {
			isa = PBXSourcesBuildPhase;
			buildActionMask = 2147483647;
			files = (
				97A175BB1E310A80001CECB4 /* ViewController.swift in Sources */,
				97A175B91E310A80001CECB4 /* AppDelegate.swift in Sources */,
				97A175CB1E310A95001CECB4 /* LocationManager.swift in Sources */,
			);
			runOnlyForDeploymentPostprocessing = 0;
		};
/* End PBXSourcesBuildPhase section */

/* Begin PBXVariantGroup section */
		97A175BC1E310A80001CECB4 /* Main.storyboard */ = {
			isa = PBXVariantGroup;
			children = (
				97A175BD1E310A80001CECB4 /* Base */,
			);
			name = Main.storyboard;
			sourceTree = "<group>";
		};
		97A175C11E310A80001CECB4 /* LaunchScreen.storyboard */ = {
			isa = PBXVariantGroup;
			children = (
				97A175C21E310A80001CECB4 /* Base */,
			);
			name = LaunchScreen.storyboard;
			sourceTree = "<group>";
		};
/* End PBXVariantGroup section */

/* Begin XCBuildConfiguration section */
		97A175C51E310A80001CECB4 /* Debug */ = {
			isa = XCBuildConfiguration;
			buildSettings = {
				ALWAYS_SEARCH_USER_PATHS = NO;
				CLANG_ANALYZER_NONNULL = YES;
				CLANG_CXX_LANGUAGE_STANDARD = "gnu++0x";
				CLANG_CXX_LIBRARY = "libc++";
				CLANG_ENABLE_MODULES = YES;
				CLANG_ENABLE_OBJC_ARC = YES;
				CLANG_WARN_BOOL_CONVERSION = YES;
				CLANG_WARN_CONSTANT_CONVERSION = YES;
				CLANG_WARN_DIRECT_OBJC_ISA_USAGE = YES_ERROR;
				CLANG_WARN_DOCUMENTATION_COMMENTS = YES;
				CLANG_WARN_EMPTY_BODY = YES;
				CLANG_WARN_ENUM_CONVERSION = YES;
				CLANG_WARN_INFINITE_RECURSION = YES;
				CLANG_WARN_INT_CONVERSION = YES;
				CLANG_WARN_OBJC_ROOT_CLASS = YES_ERROR;
				CLANG_WARN_SUSPICIOUS_MOVE = YES;
				CLANG_WARN_UNREACHABLE_CODE = YES;
				CLANG_WARN__DUPLICATE_METHOD_MATCH = YES;
				"CODE_SIGN_IDENTITY[sdk=iphoneos*]" = "iPhone Developer";
				COPY_PHASE_STRIP = NO;
				DEBUG_INFORMATION_FORMAT = dwarf;
				ENABLE_STRICT_OBJC_MSGSEND = YES;
				ENABLE_TESTABILITY = YES;
				GCC_C_LANGUAGE_STANDARD = gnu99;
				GCC_DYNAMIC_NO_PIC = NO;
				GCC_NO_COMMON_BLOCKS = YES;
				GCC_OPTIMIZATION_LEVEL = 0;
				GCC_PREPROCESSOR_DEFINITIONS = (
					"DEBUG=1",
					"$(inherited)",
				);
				GCC_WARN_64_TO_32_BIT_CONVERSION = YES;
				GCC_WARN_ABOUT_RETURN_TYPE = YES_ERROR;
				GCC_WARN_UNDECLARED_SELECTOR = YES;
				GCC_WARN_UNINITIALIZED_AUTOS = YES_AGGRESSIVE;
				GCC_WARN_UNUSED_FUNCTION = YES;
				GCC_WARN_UNUSED_VARIABLE = YES;
				IPHONEOS_DEPLOYMENT_TARGET = 10.2;
				MTL_ENABLE_DEBUG_INFO = YES;
				ONLY_ACTIVE_ARCH = YES;
				SDKROOT = iphoneos;
				SWIFT_ACTIVE_COMPILATION_CONDITIONS = DEBUG;
				SWIFT_OPTIMIZATION_LEVEL = "-Onone";
			};
			name = Debug;
		};
		97A175C61E310A80001CECB4 /* Release */ = {
			isa = XCBuildConfiguration;
			buildSettings = {
				ALWAYS_SEARCH_USER_PATHS = NO;
				CLANG_ANALYZER_NONNULL = YES;
				CLANG_CXX_LANGUAGE_STANDARD = "gnu++0x";
				CLANG_CXX_LIBRARY = "libc++";
				CLANG_ENABLE_MODULES = YES;
				CLANG_ENABLE_OBJC_ARC = YES;
				CLANG_WARN_BOOL_CONVERSION = YES;
				CLANG_WARN_CONSTANT_CONVERSION = YES;
				CLANG_WARN_DIRECT_OBJC_ISA_USAGE = YES_ERROR;
				CLANG_WARN_DOCUMENTATION_COMMENTS = YES;
				CLANG_WARN_EMPTY_BODY = YES;
				CLANG_WARN_ENUM_CONVERSION = YES;
				CLANG_WARN_INFINITE_RECURSION = YES;
				CLANG_WARN_INT_CONVERSION = YES;
				CLANG_WARN_OBJC_ROOT_CLASS = YES_ERROR;
				CLANG_WARN_SUSPICIOUS_MOVE = YES;
				CLANG_WARN_UNREACHABLE_CODE = YES;
				CLANG_WARN__DUPLICATE_METHOD_MATCH = YES;
				"CODE_SIGN_IDENTITY[sdk=iphoneos*]" = "iPhone Developer";
				COPY_PHASE_STRIP = NO;
				DEBUG_INFORMATION_FORMAT = "dwarf-with-dsym";
				ENABLE_NS_ASSERTIONS = NO;
				ENABLE_STRICT_OBJC_MSGSEND = YES;
				GCC_C_LANGUAGE_STANDARD = gnu99;
				GCC_NO_COMMON_BLOCKS = YES;
				GCC_WARN_64_TO_32_BIT_CONVERSION = YES;
				GCC_WARN_ABOUT_RETURN_TYPE = YES_ERROR;
				GCC_WARN_UNDECLARED_SELECTOR = YES;
				GCC_WARN_UNINITIALIZED_AUTOS = YES_AGGRESSIVE;
				GCC_WARN_UNUSED_FUNCTION = YES;
				GCC_WARN_UNUSED_VARIABLE = YES;
				IPHONEOS_DEPLOYMENT_TARGET = 10.2;
				MTL_ENABLE_DEBUG_INFO = NO;
				SDKROOT = iphoneos;
				SWIFT_OPTIMIZATION_LEVEL = "-Owholemodule";
				VALIDATE_PRODUCT = YES;
			};
			name = Release;
		};
		97A175C81E310A80001CECB4 /* Debug */ = {
			isa = XCBuildConfiguration;
			buildSettings = {
				ASSETCATALOG_COMPILER_APPICON_NAME = AppIcon;
				DEVELOPMENT_TEAM = R9E84DX62H;
				INFOPLIST_FILE = CoreLocationDelegateExample/Info.plist;
				LD_RUNPATH_SEARCH_PATHS = "$(inherited) @executable_path/Frameworks";
				PRODUCT_BUNDLE_IDENTIFIER = com.teamtreehouse.CoreLocationDelegateExample;
				PRODUCT_NAME = "$(TARGET_NAME)";
				SWIFT_VERSION = 3.0;
			};
			name = Debug;
		};
		97A175C91E310A80001CECB4 /* Release */ = {
			isa = XCBuildConfiguration;
			buildSettings = {
				ASSETCATALOG_COMPILER_APPICON_NAME = AppIcon;
				DEVELOPMENT_TEAM = R9E84DX62H;
				INFOPLIST_FILE = CoreLocationDelegateExample/Info.plist;
				LD_RUNPATH_SEARCH_PATHS = "$(inherited) @executable_path/Frameworks";
				PRODUCT_BUNDLE_IDENTIFIER = com.teamtreehouse.CoreLocationDelegateExample;
				PRODUCT_NAME = "$(TARGET_NAME)";
				SWIFT_VERSION = 3.0;
			};
			name = Release;
		};
/* End XCBuildConfiguration section */

/* Begin XCConfigurationList section */
		97A175B01E310A80001CECB4 /* Build configuration list for PBXProject "CoreLocationDelegateExample" */ = {
			isa = XCConfigurationList;
			buildConfigurations = (
				97A175C51E310A80001CECB4 /* Debug */,
				97A175C61E310A80001CECB4 /* Release */,
			);
			defaultConfigurationIsVisible = 0;
			defaultConfigurationName = Release;
		};
		97A175C71E310A80001CECB4 /* Build configuration list for PBXNativeTarget "CoreLocationDelegateExample" */ = {
			isa = XCConfigurationList;
			buildConfigurations = (
				97A175C81E310A80001CECB4 /* Debug */,
				97A175C91E310A80001CECB4 /* Release */,
			);
			defaultConfigurationIsVisible = 0;
		};
/* End XCConfigurationList section */
	};
	rootObject = 97A175AD1E310A80001CECB4 /* Project object */;
}
