// !$*UTF8*$!
{
	archiveVersion = 1;
	classes = {
	};
	objectVersion = 50;
	objects = {

/* Begin PBXBuildFile section */
		A32F2097218D0A1E000BF726 /* TodoList.xcdatamodeld in Sources */ = {isa = PBXBuildFile; fileRef = A32F2095218D0A1E000BF726 /* TodoList.xcdatamodeld */; };
		A32F2099218D0C6C000BF726 /* TodoListController.swift in Sources */ = {isa = PBXBuildFile; fileRef = A32F2098218D0C6C000BF726 /* TodoListController.swift */; };
		A32F209B218D1155000BF726 /* AddTaskController.swift in Sources */ = {isa = PBXBuildFile; fileRef = A32F209A218D1155000BF726 /* AddTaskController.swift */; };
		A3A64837218E23F20070E511 /* Item+CoreDataClass.swift in Sources */ = {isa = PBXBuildFile; fileRef = A3A64835218E23F20070E511 /* Item+CoreDataClass.swift */; };
		A3A64838218E23F20070E511 /* Item+CoreDataProperties.swift in Sources */ = {isa = PBXBuildFile; fileRef = A3A64836218E23F20070E511 /* Item+CoreDataProperties.swift */; };
		A3B7C2C5218BF39D00C9CAA7 /* AppDelegate.swift in Sources */ = {isa = PBXBuildFile; fileRef = A3B7C2C4218BF39D00C9CAA7 /* AppDelegate.swift */; };
		A3B7C2CA218BF39D00C9CAA7 /* Main.storyboard in Resources */ = {isa = PBXBuildFile; fileRef = A3B7C2C8218BF39D00C9CAA7 /* Main.storyboard */; };
		A3B7C2CC218BF39F00C9CAA7 /* Assets.xcassets in Resources */ = {isa = PBXBuildFile; fileRef = A3B7C2CB218BF39F00C9CAA7 /* Assets.xcassets */; };
		A3B7C2CF218BF39F00C9CAA7 /* LaunchScreen.storyboard in Resources */ = {isa = PBXBuildFile; fileRef = A3B7C2CD218BF39F00C9CAA7 /* LaunchScreen.storyboard */; };
		A3B7C2D7218BF3B000C9CAA7 /* CoreDataStack.swift in Sources */ = {isa = PBXBuildFile; fileRef = A3B7C2D6218BF3B000C9CAA7 /* CoreDataStack.swift */; };
		A3C39757218F9C8B00190623 /* TodoFetchedResultsController.swift in Sources */ = {isa = PBXBuildFile; fileRef = A3C39756218F9C8B00190623 /* TodoFetchedResultsController.swift */; };
		A3C39759218FA55F00190623 /* DetailViewController.swift in Sources */ = {isa = PBXBuildFile; fileRef = A3C39758218FA55F00190623 /* DetailViewController.swift */; };
		A3FAA456218FEB2600263F94 /* DataSource.swift in Sources */ = {isa = PBXBuildFile; fileRef = A3FAA455218FEB2600263F94 /* DataSource.swift */; };
/* End PBXBuildFile section */

/* Begin PBXFileReference section */
		A32F2096218D0A1E000BF726 /* TodoList.xcdatamodel */ = {isa = PBXFileReference; lastKnownFileType = wrapper.xcdatamodel; path = TodoList.xcdatamodel; sourceTree = "<group>"; };
		A32F2098218D0C6C000BF726 /* TodoListController.swift */ = {isa = PBXFileReference; lastKnownFileType = sourcecode.swift; path = TodoListController.swift; sourceTree = "<group>"; };
		A32F209A218D1155000BF726 /* AddTaskController.swift */ = {isa = PBXFileReference; lastKnownFileType = sourcecode.swift; path = AddTaskController.swift; sourceTree = "<group>"; };
		A3A64835218E23F20070E511 /* Item+CoreDataClass.swift */ = {isa = PBXFileReference; lastKnownFileType = sourcecode.swift; path = "Item+CoreDataClass.swift"; sourceTree = "<group>"; };
		A3A64836218E23F20070E511 /* Item+CoreDataProperties.swift */ = {isa = PBXFileReference; lastKnownFileType = sourcecode.swift; path = "Item+CoreDataProperties.swift"; sourceTree = "<group>"; };
		A3B7C2C1218BF39D00C9CAA7 /* TodoList.app */ = {isa = PBXFileReference; explicitFileType = wrapper.application; includeInIndex = 0; path = TodoList.app; sourceTree = BUILT_PRODUCTS_DIR; };
		A3B7C2C4218BF39D00C9CAA7 /* AppDelegate.swift */ = {isa = PBXFileReference; lastKnownFileType = sourcecode.swift; path = AppDelegate.swift; sourceTree = "<group>"; };
		A3B7C2C9218BF39D00C9CAA7 /* Base */ = {isa = PBXFileReference; lastKnownFileType = file.storyboard; name = Base; path = Base.lproj/Main.storyboard; sourceTree = "<group>"; };
		A3B7C2CB218BF39F00C9CAA7 /* Assets.xcassets */ = {isa = PBXFileReference; lastKnownFileType = folder.assetcatalog; path = Assets.xcassets; sourceTree = "<group>"; };
		A3B7C2CE218BF39F00C9CAA7 /* Base */ = {isa = PBXFileReference; lastKnownFileType = file.storyboard; name = Base; path = Base.lproj/LaunchScreen.storyboard; sourceTree = "<group>"; };
		A3B7C2D0218BF39F00C9CAA7 /* Info.plist */ = {isa = PBXFileReference; lastKnownFileType = text.plist.xml; path = Info.plist; sourceTree = "<group>"; };
		A3B7C2D6218BF3B000C9CAA7 /* CoreDataStack.swift */ = {isa = PBXFileReference; lastKnownFileType = sourcecode.swift; path = CoreDataStack.swift; sourceTree = "<group>"; };
		A3C39756218F9C8B00190623 /* TodoFetchedResultsController.swift */ = {isa = PBXFileReference; lastKnownFileType = sourcecode.swift; path = TodoFetchedResultsController.swift; sourceTree = "<group>"; };
		A3C39758218FA55F00190623 /* DetailViewController.swift */ = {isa = PBXFileReference; lastKnownFileType = sourcecode.swift; path = DetailViewController.swift; sourceTree = "<group>"; };
		A3FAA455218FEB2600263F94 /* DataSource.swift */ = {isa = PBXFileReference; lastKnownFileType = sourcecode.swift; path = DataSource.swift; sourceTree = "<group>"; };
/* End PBXFileReference section */

/* Begin PBXFrameworksBuildPhase section */
		A3B7C2BE218BF39D00C9CAA7 /* Frameworks */ = {
			isa = PBXFrameworksBuildPhase;
			buildActionMask = 2147483647;
			files = (
			);
			runOnlyForDeploymentPostprocessing = 0;
		};
/* End PBXFrameworksBuildPhase section */

/* Begin PBXGroup section */
		A3B7C2B8218BF39D00C9CAA7 = {
			isa = PBXGroup;
			children = (
				A3B7C2C3218BF39D00C9CAA7 /* TodoList */,
				A3B7C2C2218BF39D00C9CAA7 /* Products */,
			);
			sourceTree = "<group>";
		};
		A3B7C2C2218BF39D00C9CAA7 /* Products */ = {
			isa = PBXGroup;
			children = (
				A3B7C2C1218BF39D00C9CAA7 /* TodoList.app */,
			);
			name = Products;
			sourceTree = "<group>";
		};
		A3B7C2C3218BF39D00C9CAA7 /* TodoList */ = {
			isa = PBXGroup;
			children = (
				A3B7C2C4218BF39D00C9CAA7 /* AppDelegate.swift */,
				A3B7C2C8218BF39D00C9CAA7 /* Main.storyboard */,
				A3B7C2CB218BF39F00C9CAA7 /* Assets.xcassets */,
				A3B7C2CD218BF39F00C9CAA7 /* LaunchScreen.storyboard */,
				A3B7C2D0218BF39F00C9CAA7 /* Info.plist */,
				A3B7C2D6218BF3B000C9CAA7 /* CoreDataStack.swift */,
				A32F2095218D0A1E000BF726 /* TodoList.xcdatamodeld */,
				A32F2098218D0C6C000BF726 /* TodoListController.swift */,
				A32F209A218D1155000BF726 /* AddTaskController.swift */,
				A3A64835218E23F20070E511 /* Item+CoreDataClass.swift */,
				A3A64836218E23F20070E511 /* Item+CoreDataProperties.swift */,
				A3C39756218F9C8B00190623 /* TodoFetchedResultsController.swift */,
				A3C39758218FA55F00190623 /* DetailViewController.swift */,
				A3FAA455218FEB2600263F94 /* DataSource.swift */,
			);
			path = TodoList;
			sourceTree = "<group>";
		};
/* End PBXGroup section */

/* Begin PBXNativeTarget section */
		A3B7C2C0218BF39D00C9CAA7 /* TodoList */ = {
			isa = PBXNativeTarget;
			buildConfigurationList = A3B7C2D3218BF39F00C9CAA7 /* Build configuration list for PBXNativeTarget "TodoList" */;
			buildPhases = (
				A3B7C2BD218BF39D00C9CAA7 /* Sources */,
				A3B7C2BE218BF39D00C9CAA7 /* Frameworks */,
				A3B7C2BF218BF39D00C9CAA7 /* Resources */,
			);
			buildRules = (
			);
			dependencies = (
			);
			name = TodoList;
			productName = TodoList;
			productReference = A3B7C2C1218BF39D00C9CAA7 /* TodoList.app */;
			productType = "com.apple.product-type.application";
		};
/* End PBXNativeTarget section */

/* Begin PBXProject section */
		A3B7C2B9218BF39D00C9CAA7 /* Project object */ = {
			isa = PBXProject;
			attributes = {
				LastSwiftUpdateCheck = 1010;
				LastUpgradeCheck = 1010;
				ORGANIZATIONNAME = "Romell Bolton";
				TargetAttributes = {
					A3B7C2C0218BF39D00C9CAA7 = {
						CreatedOnToolsVersion = 10.1;
					};
				};
			};
			buildConfigurationList = A3B7C2BC218BF39D00C9CAA7 /* Build configuration list for PBXProject "TodoList" */;
			compatibilityVersion = "Xcode 9.3";
			developmentRegion = en;
			hasScannedForEncodings = 0;
			knownRegions = (
				en,
				Base,
			);
			mainGroup = A3B7C2B8218BF39D00C9CAA7;
			productRefGroup = A3B7C2C2218BF39D00C9CAA7 /* Products */;
			projectDirPath = "";
			projectRoot = "";
			targets = (
				A3B7C2C0218BF39D00C9CAA7 /* TodoList */,
			);
		};
/* End PBXProject section */

/* Begin PBXResourcesBuildPhase section */
		A3B7C2BF218BF39D00C9CAA7 /* Resources */ = {
			isa = PBXResourcesBuildPhase;
			buildActionMask = 2147483647;
			files = (
				A3B7C2CF218BF39F00C9CAA7 /* LaunchScreen.storyboard in Resources */,
				A3B7C2CC218BF39F00C9CAA7 /* Assets.xcassets in Resources */,
				A3B7C2CA218BF39D00C9CAA7 /* Main.storyboard in Resources */,
			);
			runOnlyForDeploymentPostprocessing = 0;
		};
/* End PBXResourcesBuildPhase section */

/* Begin PBXSourcesBuildPhase section */
		A3B7C2BD218BF39D00C9CAA7 /* Sources */ = {
			isa = PBXSourcesBuildPhase;
			buildActionMask = 2147483647;
			files = (
				A3C39759218FA55F00190623 /* DetailViewController.swift in Sources */,
				A3A64838218E23F20070E511 /* Item+CoreDataProperties.swift in Sources */,
				A3A64837218E23F20070E511 /* Item+CoreDataClass.swift in Sources */,
				A32F2099218D0C6C000BF726 /* TodoListController.swift in Sources */,
				A32F209B218D1155000BF726 /* AddTaskController.swift in Sources */,
				A3C39757218F9C8B00190623 /* TodoFetchedResultsController.swift in Sources */,
				A3B7C2D7218BF3B000C9CAA7 /* CoreDataStack.swift in Sources */,
				A3B7C2C5218BF39D00C9CAA7 /* AppDelegate.swift in Sources */,
				A3FAA456218FEB2600263F94 /* DataSource.swift in Sources */,
				A32F2097218D0A1E000BF726 /* TodoList.xcdatamodeld in Sources */,
			);
			runOnlyForDeploymentPostprocessing = 0;
		};
/* End PBXSourcesBuildPhase section */

/* Begin PBXVariantGroup section */
		A3B7C2C8218BF39D00C9CAA7 /* Main.storyboard */ = {
			isa = PBXVariantGroup;
			children = (
				A3B7C2C9218BF39D00C9CAA7 /* Base */,
			);
			name = Main.storyboard;
			sourceTree = "<group>";
		};
		A3B7C2CD218BF39F00C9CAA7 /* LaunchScreen.storyboard */ = {
			isa = PBXVariantGroup;
			children = (
				A3B7C2CE218BF39F00C9CAA7 /* Base */,
			);
			name = LaunchScreen.storyboard;
			sourceTree = "<group>";
		};
/* End PBXVariantGroup section */

/* Begin XCBuildConfiguration section */
		A3B7C2D1218BF39F00C9CAA7 /* Debug */ = {
			isa = XCBuildConfiguration;
			buildSettings = {
				ALWAYS_SEARCH_USER_PATHS = NO;
				CLANG_ANALYZER_NONNULL = YES;
				CLANG_ANALYZER_NUMBER_OBJECT_CONVERSION = YES_AGGRESSIVE;
				CLANG_CXX_LANGUAGE_STANDARD = "gnu++14";
				CLANG_CXX_LIBRARY = "libc++";
				CLANG_ENABLE_MODULES = YES;
				CLANG_ENABLE_OBJC_ARC = YES;
				CLANG_ENABLE_OBJC_WEAK = YES;
				CLANG_WARN_BLOCK_CAPTURE_AUTORELEASING = YES;
				CLANG_WARN_BOOL_CONVERSION = YES;
				CLANG_WARN_COMMA = YES;
				CLANG_WARN_CONSTANT_CONVERSION = YES;
				CLANG_WARN_DEPRECATED_OBJC_IMPLEMENTATIONS = YES;
				CLANG_WARN_DIRECT_OBJC_ISA_USAGE = YES_ERROR;
				CLANG_WARN_DOCUMENTATION_COMMENTS = YES;
				CLANG_WARN_EMPTY_BODY = YES;
				CLANG_WARN_ENUM_CONVERSION = YES;
				CLANG_WARN_INFINITE_RECURSION = YES;
				CLANG_WARN_INT_CONVERSION = YES;
				CLANG_WARN_NON_LITERAL_NULL_CONVERSION = YES;
				CLANG_WARN_OBJC_IMPLICIT_RETAIN_SELF = YES;
				CLANG_WARN_OBJC_LITERAL_CONVERSION = YES;
				CLANG_WARN_OBJC_ROOT_CLASS = YES_ERROR;
				CLANG_WARN_RANGE_LOOP_ANALYSIS = YES;
				CLANG_WARN_STRICT_PROTOTYPES = YES;
				CLANG_WARN_SUSPICIOUS_MOVE = YES;
				CLANG_WARN_UNGUARDED_AVAILABILITY = YES_AGGRESSIVE;
				CLANG_WARN_UNREACHABLE_CODE = YES;
				CLANG_WARN__DUPLICATE_METHOD_MATCH = YES;
				CODE_SIGN_IDENTITY = "iPhone Developer";
				COPY_PHASE_STRIP = NO;
				DEBUG_INFORMATION_FORMAT = dwarf;
				ENABLE_STRICT_OBJC_MSGSEND = YES;
				ENABLE_TESTABILITY = YES;
				GCC_C_LANGUAGE_STANDARD = gnu11;
				GCC_DYNAMIC_NO_PIC = NO;
				GCC_NO_COMMON_BLOCKS = YES;
				GCC_OPTIMIZATION_LEVEL = 0;
				GCC_PREPROCESSOR_DEFINITIONS = (
					"DEBUG=1",
					"$(inherited)",
				);
				GCC_WARN_64_TO_32_BIT_CONVERSION = YES;
				GCC_WARN_ABOUT_RETURN_TYPE = YES_ERROR;
				GCC_WARN_UNDECLARED_SELECTOR = YES;
				GCC_WARN_UNINITIALIZED_AUTOS = YES_AGGRESSIVE;
				GCC_WARN_UNUSED_FUNCTION = YES;
				GCC_WARN_UNUSED_VARIABLE = YES;
				IPHONEOS_DEPLOYMENT_TARGET = 12.1;
				MTL_ENABLE_DEBUG_INFO = INCLUDE_SOURCE;
				MTL_FAST_MATH = YES;
				ONLY_ACTIVE_ARCH = YES;
				SDKROOT = iphoneos;
				SWIFT_ACTIVE_COMPILATION_CONDITIONS = DEBUG;
				SWIFT_OPTIMIZATION_LEVEL = "-Onone";
			};
			name = Debug;
		};
		A3B7C2D2218BF39F00C9CAA7 /* Release */ = {
			isa = XCBuildConfiguration;
			buildSettings = {
				ALWAYS_SEARCH_USER_PATHS = NO;
				CLANG_ANALYZER_NONNULL = YES;
				CLANG_ANALYZER_NUMBER_OBJECT_CONVERSION = YES_AGGRESSIVE;
				CLANG_CXX_LANGUAGE_STANDARD = "gnu++14";
				CLANG_CXX_LIBRARY = "libc++";
				CLANG_ENABLE_MODULES = YES;
				CLANG_ENABLE_OBJC_ARC = YES;
				CLANG_ENABLE_OBJC_WEAK = YES;
				CLANG_WARN_BLOCK_CAPTURE_AUTORELEASING = YES;
				CLANG_WARN_BOOL_CONVERSION = YES;
				CLANG_WARN_COMMA = YES;
				CLANG_WARN_CONSTANT_CONVERSION = YES;
				CLANG_WARN_DEPRECATED_OBJC_IMPLEMENTATIONS = YES;
				CLANG_WARN_DIRECT_OBJC_ISA_USAGE = YES_ERROR;
				CLANG_WARN_DOCUMENTATION_COMMENTS = YES;
				CLANG_WARN_EMPTY_BODY = YES;
				CLANG_WARN_ENUM_CONVERSION = YES;
				CLANG_WARN_INFINITE_RECURSION = YES;
				CLANG_WARN_INT_CONVERSION = YES;
				CLANG_WARN_NON_LITERAL_NULL_CONVERSION = YES;
				CLANG_WARN_OBJC_IMPLICIT_RETAIN_SELF = YES;
				CLANG_WARN_OBJC_LITERAL_CONVERSION = YES;
				CLANG_WARN_OBJC_ROOT_CLASS = YES_ERROR;
				CLANG_WARN_RANGE_LOOP_ANALYSIS = YES;
				CLANG_WARN_STRICT_PROTOTYPES = YES;
				CLANG_WARN_SUSPICIOUS_MOVE = YES;
				CLANG_WARN_UNGUARDED_AVAILABILITY = YES_AGGRESSIVE;
				CLANG_WARN_UNREACHABLE_CODE = YES;
				CLANG_WARN__DUPLICATE_METHOD_MATCH = YES;
				CODE_SIGN_IDENTITY = "iPhone Developer";
				COPY_PHASE_STRIP = NO;
				DEBUG_INFORMATION_FORMAT = "dwarf-with-dsym";
				ENABLE_NS_ASSERTIONS = NO;
				ENABLE_STRICT_OBJC_MSGSEND = YES;
				GCC_C_LANGUAGE_STANDARD = gnu11;
				GCC_NO_COMMON_BLOCKS = YES;
				GCC_WARN_64_TO_32_BIT_CONVERSION = YES;
				GCC_WARN_ABOUT_RETURN_TYPE = YES_ERROR;
				GCC_WARN_UNDECLARED_SELECTOR = YES;
				GCC_WARN_UNINITIALIZED_AUTOS = YES_AGGRESSIVE;
				GCC_WARN_UNUSED_FUNCTION = YES;
				GCC_WARN_UNUSED_VARIABLE = YES;
				IPHONEOS_DEPLOYMENT_TARGET = 12.1;
				MTL_ENABLE_DEBUG_INFO = NO;
				MTL_FAST_MATH = YES;
				SDKROOT = iphoneos;
				SWIFT_COMPILATION_MODE = wholemodule;
				SWIFT_OPTIMIZATION_LEVEL = "-O";
				VALIDATE_PRODUCT = YES;
			};
			name = Release;
		};
		A3B7C2D4218BF39F00C9CAA7 /* Debug */ = {
			isa = XCBuildConfiguration;
			buildSettings = {
				ASSETCATALOG_COMPILER_APPICON_NAME = AppIcon;
				CODE_SIGN_STYLE = Automatic;
				DEVELOPMENT_TEAM = XQ87AL2NL5;
				INFOPLIST_FILE = TodoList/Info.plist;
				LD_RUNPATH_SEARCH_PATHS = (
					"$(inherited)",
					"@executable_path/Frameworks",
				);
				PRODUCT_BUNDLE_IDENTIFIER = com.romellbolton.TodoList;
				PRODUCT_NAME = "$(TARGET_NAME)";
				SWIFT_VERSION = 4.2;
				TARGETED_DEVICE_FAMILY = "1,2";
			};
			name = Debug;
		};
		A3B7C2D5218BF39F00C9CAA7 /* Release */ = {
			isa = XCBuildConfiguration;
			buildSettings = {
				ASSETCATALOG_COMPILER_APPICON_NAME = AppIcon;
				CODE_SIGN_STYLE = Automatic;
				DEVELOPMENT_TEAM = XQ87AL2NL5;
				INFOPLIST_FILE = TodoList/Info.plist;
				LD_RUNPATH_SEARCH_PATHS = (
					"$(inherited)",
					"@executable_path/Frameworks",
				);
				PRODUCT_BUNDLE_IDENTIFIER = com.romellbolton.TodoList;
				PRODUCT_NAME = "$(TARGET_NAME)";
				SWIFT_VERSION = 4.2;
				TARGETED_DEVICE_FAMILY = "1,2";
			};
			name = Release;
		};
/* End XCBuildConfiguration section */

/* Begin XCConfigurationList section */
		A3B7C2BC218BF39D00C9CAA7 /* Build configuration list for PBXProject "TodoList" */ = {
			isa = XCConfigurationList;
			buildConfigurations = (
				A3B7C2D1218BF39F00C9CAA7 /* Debug */,
				A3B7C2D2218BF39F00C9CAA7 /* Release */,
			);
			defaultConfigurationIsVisible = 0;
			defaultConfigurationName = Release;
		};
		A3B7C2D3218BF39F00C9CAA7 /* Build configuration list for PBXNativeTarget "TodoList" */ = {
			isa = XCConfigurationList;
			buildConfigurations = (
				A3B7C2D4218BF39F00C9CAA7 /* Debug */,
				A3B7C2D5218BF39F00C9CAA7 /* Release */,
			);
			defaultConfigurationIsVisible = 0;
			defaultConfigurationName = Release;
		};
/* End XCConfigurationList section */

/* Begin XCVersionGroup section */
		A32F2095218D0A1E000BF726 /* TodoList.xcdatamodeld */ = {
			isa = XCVersionGroup;
			children = (
				A32F2096218D0A1E000BF726 /* TodoList.xcdatamodel */,
			);
			currentVersion = A32F2096218D0A1E000BF726 /* TodoList.xcdatamodel */;
			path = TodoList.xcdatamodeld;
			sourceTree = "<group>";
			versionGroupType = wrapper.xcdatamodel;
		};
/* End XCVersionGroup section */
	};
	rootObject = A3B7C2B9218BF39D00C9CAA7 /* Project object */;
}
